
Microsoft Visual Studio Solution File, Format Version 12.00
# Visual Studio Version 16
VisualStudioVersion = 16.0.31025.194
MinimumVisualStudioVersion = 10.0.40219.1
Project("{FAE04EC0-301F-11D3-BF4B-00C04F79EFBC}") = "DoToo.UWP", "DoToo\DoToo.UWP\DoToo.UWP.csproj", "{81C700CF-1FB9-46BD-BC35-C7E149D9FEA4}"
EndProject
Project("{FAE04EC0-301F-11D3-BF4B-00C04F79EFBC}") = "DoToo.Android", "DoToo\DoToo.Android\DoToo.Android.csproj", "{D14FE22A-745D-4EAD-B635-AEBC9814246D}"
EndProject
Project("{FAE04EC0-301F-11D3-BF4B-00C04F79EFBC}") = "DoToo.iOS", "DoToo\DoToo.iOS\DoToo.iOS.csproj", "{7F2EB265-EC39-49D5-882F-A96B2245613B}"
EndProject
Project("{FAE04EC0-301F-11D3-BF4B-00C04F79EFBC}") = "DoToo", "DoToo\DoToo\DoToo.csproj", "{B3017586-D93D-4D90-A025-A3FDBFAAE56F}"
EndProject
Global
	GlobalSection(SolutionConfigurationPlatforms) = preSolution
		Debug|Any CPU = Debug|Any CPU
		Debug|ARM = Debug|ARM
		Debug|iPhone = Debug|iPhone
		Debug|iPhoneSimulator = Debug|iPhoneSimulator
		Debug|x64 = Debug|x64
		Debug|x86 = Debug|x86
		Release|Any CPU = Release|Any CPU
		Release|ARM = Release|ARM
		Release|iPhone = Release|iPhone
		Release|iPhoneSimulator = Release|iPhoneSimulator
		Release|x64 = Release|x64
		Release|x86 = Release|x86
	EndGlobalSection
	GlobalSection(ProjectConfigurationPlatforms) = postSolution
		{81C700CF-1FB9-46BD-BC35-C7E149D9FEA4}.Debug|Any CPU.ActiveCfg = Debug|x86
		{81C700CF-1FB9-46BD-BC35-C7E149D9FEA4}.Debug|Any CPU.Build.0 = Debug|x86
		{81C700CF-1FB9-46BD-BC35-C7E149D9FEA4}.Debug|Any CPU.Deploy.0 = Debug|x86
		{81C700CF-1FB9-46BD-BC35-C7E149D9FEA4}.Debug|ARM.ActiveCfg = Debug|ARM
		{81C700CF-1FB9-46BD-BC35-C7E149D9FEA4}.Debug|ARM.Build.0 = Debug|ARM
		{81C700CF-1FB9-46BD-BC35-C7E149D9FEA4}.Debug|ARM.Deploy.0 = Debug|ARM
		{81C700CF-1FB9-46BD-BC35-C7E149D9FEA4}.Debug|iPhone.ActiveCfg = Debug|x86
		{81C700CF-1FB9-46BD-BC35-C7E149D9FEA4}.Debug|iPhone.Build.0 = Debug|x86
		{81C700CF-1FB9-46BD-BC35-C7E149D9FEA4}.Debug|iPhone.Deploy.0 = Debug|x86
		{81C700CF-1FB9-46BD-BC35-C7E149D9FEA4}.Debug|iPhoneSimulator.ActiveCfg = Debug|x86
		{81C700CF-1FB9-46BD-BC35-C7E149D9FEA4}.Debug|iPhoneSimulator.Build.0 = Debug|x86
		{81C700CF-1FB9-46BD-BC35-C7E149D9FEA4}.Debug|iPhoneSimulator.Deploy.0 = Debug|x86
		{81C700CF-1FB9-46BD-BC35-C7E149D9FEA4}.Debug|x64.ActiveCfg = Debug|x64
		{81C700CF-1FB9-46BD-BC35-C7E149D9FEA4}.Debug|x64.Build.0 = Debug|x64
		{81C700CF-1FB9-46BD-BC35-C7E149D9FEA4}.Debug|x64.Deploy.0 = Debug|x64
		{81C700CF-1FB9-46BD-BC35-C7E149D9FEA4}.Debug|x86.ActiveCfg = Debug|x86
		{81C700CF-1FB9-46BD-BC35-C7E149D9FEA4}.Debug|x86.Build.0 = Debug|x86
		{81C700CF-1FB9-46BD-BC35-C7E149D9FEA4}.Debug|x86.Deploy.0 = Debug|x86
		{81C700CF-1FB9-46BD-BC35-C7E149D9FEA4}.Release|Any CPU.ActiveCfg = Release|x86
		{81C700CF-1FB9-46BD-BC35-C7E149D9FEA4}.Release|Any CPU.Build.0 = Release|x86
		{81C700CF-1FB9-46BD-BC35-C7E149D9FEA4}.Release|Any CPU.Deploy.0 = Release|x86
		{81C700CF-1FB9-46BD-BC35-C7E149D9FEA4}.Release|ARM.ActiveCfg = Release|ARM
		{81C700CF-1FB9-46BD-BC35-C7E149D9FEA4}.Release|ARM.Build.0 = Release|ARM
		{81C700CF-1FB9-46BD-BC35-C7E149D9FEA4}.Release|ARM.Deploy.0 = Release|ARM
		{81C700CF-1FB9-46BD-BC35-C7E149D9FEA4}.Release|iPhone.ActiveCfg = Release|x86
		{81C700CF-1FB9-46BD-BC35-C7E149D9FEA4}.Release|iPhone.Build.0 = Release|x86
		{81C700CF-1FB9-46BD-BC35-C7E149D9FEA4}.Release|iPhone.Deploy.0 = Release|x86
		{81C700CF-1FB9-46BD-BC35-C7E149D9FEA4}.Release|iPhoneSimulator.ActiveCfg = Release|x86
		{81C700CF-1FB9-46BD-BC35-C7E149D9FEA4}.Release|iPhoneSimulator.Build.0 = Release|x86
		{81C700CF-1FB9-46BD-BC35-C7E149D9FEA4}.Release|iPhoneSimulator.Deploy.0 = Release|x86
		{81C700CF-1FB9-46BD-BC35-C7E149D9FEA4}.Release|x64.ActiveCfg = Release|x64
		{81C700CF-1FB9-46BD-BC35-C7E149D9FEA4}.Release|x64.Build.0 = Release|x64
		{81C700CF-1FB9-46BD-BC35-C7E149D9FEA4}.Release|x64.Deploy.0 = Release|x64
		{81C700CF-1FB9-46BD-BC35-C7E149D9FEA4}.Release|x86.ActiveCfg = Release|x86
		{81C700CF-1FB9-46BD-BC35-C7E149D9FEA4}.Release|x86.Build.0 = Release|x86
		{81C700CF-1FB9-46BD-BC35-C7E149D9FEA4}.Release|x86.Deploy.0 = Release|x86
		{D14FE22A-745D-4EAD-B635-AEBC9814246D}.Debug|Any CPU.ActiveCfg = Debug|Any CPU
		{D14FE22A-745D-4EAD-B635-AEBC9814246D}.Debug|Any CPU.Build.0 = Debug|Any CPU
		{D14FE22A-745D-4EAD-B635-AEBC9814246D}.Debug|Any CPU.Deploy.0 = Debug|Any CPU
		{D14FE22A-745D-4EAD-B635-AEBC9814246D}.Debug|ARM.ActiveCfg = Debug|Any CPU
		{D14FE22A-745D-4EAD-B635-AEBC9814246D}.Debug|ARM.Build.0 = Debug|Any CPU
		{D14FE22A-745D-4EAD-B635-AEBC9814246D}.Debug|ARM.Deploy.0 = Debug|Any CPU
		{D14FE22A-745D-4EAD-B635-AEBC9814246D}.Debug|iPhone.ActiveCfg = Debug|Any CPU
		{D14FE22A-745D-4EAD-B635-AEBC9814246D}.Debug|iPhone.Build.0 = Debug|Any CPU
		{D14FE22A-745D-4EAD-B635-AEBC9814246D}.Debug|iPhone.Deploy.0 = Debug|Any CPU
		{D14FE22A-745D-4EAD-B635-AEBC9814246D}.Debug|iPhoneSimulator.ActiveCfg = Debug|Any CPU
		{D14FE22A-745D-4EAD-B635-AEBC9814246D}.Debug|iPhoneSimulator.Build.0 = Debug|Any CPU
		{D14FE22A-745D-4EAD-B635-AEBC9814246D}.Debug|iPhoneSimulator.Deploy.0 = Debug|Any CPU
		{D14FE22A-745D-4EAD-B635-AEBC9814246D}.Debug|x64.ActiveCfg = Debug|Any CPU
		{D14FE22A-745D-4EAD-B635-AEBC9814246D}.Debug|x64.Build.0 = Debug|Any CPU
		{D14FE22A-745D-4EAD-B635-AEBC9814246D}.Debug|x64.Deploy.0 = Debug|Any CPU
		{D14FE22A-745D-4EAD-B635-AEBC9814246D}.Debug|x86.ActiveCfg = Debug|Any CPU
		{D14FE22A-745D-4EAD-B635-AEBC9814246D}.Debug|x86.Build.0 = Debug|Any CPU
		{D14FE22A-745D-4EAD-B635-AEBC9814246D}.Debug|x86.Deploy.0 = Debug|Any CPU
		{D14FE22A-745D-4EAD-B635-AEBC9814246D}.Release|Any CPU.ActiveCfg = Release|Any CPU
		{D14FE22A-745D-4EAD-B635-AEBC9814246D}.Release|Any CPU.Build.0 = Release|Any CPU
		{D14FE22A-745D-4EAD-B635-AEBC9814246D}.Release|Any CPU.Deploy.0 = Release|Any CPU
		{D14FE22A-745D-4EAD-B635-AEBC9814246D}.Release|ARM.ActiveCfg = Release|Any CPU
		{D14FE22A-745D-4EAD-B635-AEBC9814246D}.Release|ARM.Build.0 = Release|Any CPU
		{D14FE22A-745D-4EAD-B635-AEBC9814246D}.Release|ARM.Deploy.0 = Release|Any CPU
		{D14FE22A-745D-4EAD-B635-AEBC9814246D}.Release|iPhone.ActiveCfg = Release|Any CPU
		{D14FE22A-745D-4EAD-B635-AEBC9814246D}.Release|iPhone.Build.0 = Release|Any CPU
		{D14FE22A-745D-4EAD-B635-AEBC9814246D}.Release|iPhone.Deploy.0 = Release|Any CPU
		{D14FE22A-745D-4EAD-B635-AEBC9814246D}.Release|iPhoneSimulator.ActiveCfg = Release|Any CPU
		{D14FE22A-745D-4EAD-B635-AEBC9814246D}.Release|iPhoneSimulator.Build.0 = Release|Any CPU
		{D14FE22A-745D-4EAD-B635-AEBC9814246D}.Release|iPhoneSimulator.Deploy.0 = Release|Any CPU
		{D14FE22A-745D-4EAD-B635-AEBC9814246D}.Release|x64.ActiveCfg = Release|Any CPU
		{D14FE22A-745D-4EAD-B635-AEBC9814246D}.Release|x64.Build.0 = Release|Any CPU
		{D14FE22A-745D-4EAD-B635-AEBC9814246D}.Release|x64.Deploy.0 = Release|Any CPU
		{D14FE22A-745D-4EAD-B635-AEBC9814246D}.Release|x86.ActiveCfg = Release|Any CPU
		{D14FE22A-745D-4EAD-B635-AEBC9814246D}.Release|x86.Build.0 = Release|Any CPU
		{D14FE22A-745D-4EAD-B635-AEBC9814246D}.Release|x86.Deploy.0 = Release|Any CPU
		{7F2EB265-EC39-49D5-882F-A96B2245613B}.Debug|Any CPU.ActiveCfg = Debug|iPhoneSimulator
		{7F2EB265-EC39-49D5-882F-A96B2245613B}.Debug|Any CPU.Build.0 = Debug|iPhoneSimulator
		{7F2EB265-EC39-49D5-882F-A96B2245613B}.Debug|Any CPU.Deploy.0 = Debug|iPhoneSimulator
		{7F2EB265-EC39-49D5-882F-A96B2245613B}.Debug|ARM.ActiveCfg = Debug|iPhone
		{7F2EB265-EC39-49D5-882F-A96B2245613B}.Debug|ARM.Build.0 = Debug|iPhone
		{7F2EB265-EC39-49D5-882F-A96B2245613B}.Debug|ARM.Deploy.0 = Debug|iPhone
		{7F2EB265-EC39-49D5-882F-A96B2245613B}.Debug|iPhone.ActiveCfg = Debug|iPhone
		{7F2EB265-EC39-49D5-882F-A96B2245613B}.Debug|iPhone.Build.0 = Debug|iPhone
		{7F2EB265-EC39-49D5-882F-A96B2245613B}.Debug|iPhone.Deploy.0 = Debug|iPhone
		{7F2EB265-EC39-49D5-882F-A96B2245613B}.Debug|iPhoneSimulator.ActiveCfg = Debug|iPhoneSimulator
		{7F2EB265-EC39-49D5-882F-A96B2245613B}.Debug|iPhoneSimulator.Build.0 = Debug|iPhoneSimulator
		{7F2EB265-EC39-49D5-882F-A96B2245613B}.Debug|iPhoneSimulator.Deploy.0 = Debug|iPhoneSimulator
		{7F2EB265-EC39-49D5-882F-A96B2245613B}.Debug|x64.ActiveCfg = Debug|iPhoneSimulator
		{7F2EB265-EC39-49D5-882F-A96B2245613B}.Debug|x64.Build.0 = Debug|iPhoneSimulator
		{7F2EB265-EC39-49D5-882F-A96B2245613B}.Debug|x64.Deploy.0 = Debug|iPhoneSimulator
		{7F2EB265-EC39-49D5-882F-A96B2245613B}.Debug|x86.ActiveCfg = Debug|iPhoneSimulator
		{7F2EB265-EC39-49D5-882F-A96B2245613B}.Debug|x86.Build.0 = Debug|iPhoneSimulator
		{7F2EB265-EC39-49D5-882F-A96B2245613B}.Debug|x86.Deploy.0 = Debug|iPhoneSimulator
		{7F2EB265-EC39-49D5-882F-A96B2245613B}.Release|Any CPU.ActiveCfg = Release|iPhoneSimulator
		{7F2EB265-EC39-49D5-882F-A96B2245613B}.Release|Any CPU.Build.0 = Release|iPhoneSimulator
		{7F2EB265-EC39-49D5-882F-A96B2245613B}.Release|Any CPU.Deploy.0 = Release|iPhoneSimulator
		{7F2EB265-EC39-49D5-882F-A96B2245613B}.Release|ARM.ActiveCfg = Release|iPhoneSimulator
		{7F2EB265-EC39-49D5-882F-A96B2245613B}.Release|ARM.Build.0 = Release|iPhoneSimulator
		{7F2EB265-EC39-49D5-882F-A96B2245613B}.Release|ARM.Deploy.0 = Release|iPhoneSimulator
		{7F2EB265-EC39-49D5-882F-A96B2245613B}.Release|iPhone.ActiveCfg = Release|iPhone
		{7F2EB265-EC39-49D5-882F-A96B2245613B}.Release|iPhone.Build.0 = Release|iPhone
		{7F2EB265-EC39-49D5-882F-A96B2245613B}.Release|iPhone.Deploy.0 = Release|iPhone
		{7F2EB265-EC39-49D5-882F-A96B2245613B}.Release|iPhoneSimulator.ActiveCfg = Release|iPhoneSimulator
		{7F2EB265-EC39-49D5-882F-A96B2245613B}.Release|iPhoneSimulator.Build.0 = Release|iPhoneSimulator
		{7F2EB265-EC39-49D5-882F-A96B2245613B}.Release|iPhoneSimulator.Deploy.0 = Release|iPhoneSimulator
		{7F2EB265-EC39-49D5-882F-A96B2245613B}.Release|x64.ActiveCfg = Release|iPhoneSimulator
		{7F2EB265-EC39-49D5-882F-A96B2245613B}.Release|x64.Build.0 = Release|iPhoneSimulator
		{7F2EB265-EC39-49D5-882F-A96B2245613B}.Release|x64.Deploy.0 = Release|iPhoneSimulator
		{7F2EB265-EC39-49D5-882F-A96B2245613B}.Release|x86.ActiveCfg = Release|iPhoneSimulator
		{7F2EB265-EC39-49D5-882F-A96B2245613B}.Release|x86.Build.0 = Release|iPhoneSimulator
		{7F2EB265-EC39-49D5-882F-A96B2245613B}.Release|x86.Deploy.0 = Release|iPhoneSimulator
		{B3017586-D93D-4D90-A025-A3FDBFAAE56F}.Debug|Any CPU.ActiveCfg = Debug|Any CPU
		{B3017586-D93D-4D90-A025-A3FDBFAAE56F}.Debug|Any CPU.Build.0 = Debug|Any CPU
		{B3017586-D93D-4D90-A025-A3FDBFAAE56F}.Debug|Any CPU.Deploy.0 = Debug|Any CPU
		{B3017586-D93D-4D90-A025-A3FDBFAAE56F}.Debug|ARM.ActiveCfg = Debug|Any CPU
		{B3017586-D93D-4D90-A025-A3FDBFAAE56F}.Debug|ARM.Build.0 = Debug|Any CPU
		{B3017586-D93D-4D90-A025-A3FDBFAAE56F}.Debug|ARM.Deploy.0 = Debug|Any CPU
		{B3017586-D93D-4D90-A025-A3FDBFAAE56F}.Debug|iPhone.ActiveCfg = Debug|Any CPU
		{B3017586-D93D-4D90-A025-A3FDBFAAE56F}.Debug|iPhone.Build.0 = Debug|Any CPU
		{B3017586-D93D-4D90-A025-A3FDBFAAE56F}.Debug|iPhone.Deploy.0 = Debug|Any CPU
		{B3017586-D93D-4D90-A025-A3FDBFAAE56F}.Debug|iPhoneSimulator.ActiveCfg = Debug|Any CPU
		{B3017586-D93D-4D90-A025-A3FDBFAAE56F}.Debug|iPhoneSimulator.Build.0 = Debug|Any CPU
		{B3017586-D93D-4D90-A025-A3FDBFAAE56F}.Debug|iPhoneSimulator.Deploy.0 = Debug|Any CPU
		{B3017586-D93D-4D90-A025-A3FDBFAAE56F}.Debug|x64.ActiveCfg = Debug|Any CPU
		{B3017586-D93D-4D90-A025-A3FDBFAAE56F}.Debug|x64.Build.0 = Debug|Any CPU
		{B3017586-D93D-4D90-A025-A3FDBFAAE56F}.Debug|x64.Deploy.0 = Debug|Any CPU
		{B3017586-D93D-4D90-A025-A3FDBFAAE56F}.Debug|x86.ActiveCfg = Debug|Any CPU
		{B3017586-D93D-4D90-A025-A3FDBFAAE56F}.Debug|x86.Build.0 = Debug|Any CPU
		{B3017586-D93D-4D90-A025-A3FDBFAAE56F}.Debug|x86.Deploy.0 = Debug|Any CPU
		{B3017586-D93D-4D90-A025-A3FDBFAAE56F}.Release|Any CPU.ActiveCfg = Release|Any CPU
		{B3017586-D93D-4D90-A025-A3FDBFAAE56F}.Release|Any CPU.Build.0 = Release|Any CPU
		{B3017586-D93D-4D90-A025-A3FDBFAAE56F}.Release|Any CPU.Deploy.0 = Release|Any CPU
		{B3017586-D93D-4D90-A025-A3FDBFAAE56F}.Release|ARM.ActiveCfg = Release|Any CPU
		{B3017586-D93D-4D90-A025-A3FDBFAAE56F}.Release|ARM.Build.0 = Release|Any CPU
		{B3017586-D93D-4D90-A025-A3FDBFAAE56F}.Release|ARM.Deploy.0 = Release|Any CPU
		{B3017586-D93D-4D90-A025-A3FDBFAAE56F}.Release|iPhone.ActiveCfg = Release|Any CPU
		{B3017586-D93D-4D90-A025-A3FDBFAAE56F}.Release|iPhone.Build.0 = Release|Any CPU
		{B3017586-D93D-4D90-A025-A3FDBFAAE56F}.Release|iPhone.Deploy.0 = Release|Any CPU
		{B3017586-D93D-4D90-A025-A3FDBFAAE56F}.Release|iPhoneSimulator.ActiveCfg = Release|Any CPU
		{B3017586-D93D-4D90-A025-A3FDBFAAE56F}.Release|iPhoneSimulator.Build.0 = Release|Any CPU
		{B3017586-D93D-4D90-A025-A3FDBFAAE56F}.Release|iPhoneSimulator.Deploy.0 = Release|Any CPU
		{B3017586-D93D-4D90-A025-A3FDBFAAE56F}.Release|x64.ActiveCfg = Release|Any CPU
		{B3017586-D93D-4D90-A025-A3FDBFAAE56F}.Release|x64.Build.0 = Release|Any CPU
		{B3017586-D93D-4D90-A025-A3FDBFAAE56F}.Release|x64.Deploy.0 = Release|Any CPU
		{B3017586-D93D-4D90-A025-A3FDBFAAE56F}.Release|x86.ActiveCfg = Release|Any CPU
		{B3017586-D93D-4D90-A025-A3FDBFAAE56F}.Release|x86.Build.0 = Release|Any CPU
		{B3017586-D93D-4D90-A025-A3FDBFAAE56F}.Release|x86.Deploy.0 = Release|Any CPU
	EndGlobalSection
	GlobalSection(SolutionProperties) = preSolution
		HideSolutionNode = FALSE
	EndGlobalSection
	GlobalSection(ExtensibilityGlobals) = postSolution
		SolutionGuid = {47CCAB80-49D7-476A-96C1-7D36881EF9CC}
	EndGlobalSection
EndGlobal
